{
  "name": "followthesnow",
  "lockfileVersion": 3,
  "requires": true,
  "packages": {
    "": {
      "devDependencies": {
        "daisyui": "^5.0.4",
        "tailwindcss": "^4.0.14"
      }
    },
    "node_modules/daisyui": {
      "version": "5.0.4",
      "resolved": "https://registry.npmjs.org/daisyui/-/daisyui-5.0.4.tgz",
      "integrity": "sha512-9X3oX/k9hPBCslAECk8kYfvwgrz6Grs0lN7VI0/ZTM/hUfq1uFREHxCcBCCq0QROpN183N19B1hTNRWGipO2Eg==",
      "dev": true,
      "license": "MIT",
      "funding": {
        "url": "https://github.com/saadeghi/daisyui?sponsor=1"
      }
    },
    "node_modules/tailwindcss": {
      "version": "4.0.14",
      "resolved": "https://registry.npmjs.org/tailwindcss/-/tailwindcss-4.0.14.tgz",
      "integrity": "sha512-92YT2dpt671tFiHH/e1ok9D987N9fHD5VWoly1CdPD/Cd1HMglvZwP3nx2yTj2lbXDAHt8QssZkxTLCCTNL+xw==",
      "dev": true,
      "license": "MIT"
    }
  }
}
