{
  "name": "followthesnow",
  "lockfileVersion": 3,
  "requires": true,
  "packages": {
    "": {
      "devDependencies": {
        "daisyui": "^5.0.4",
        "tailwindcss": "^4.0.14"
      }
    },
    "node_modules/daisyui": {
      "version": "5.0.35",
      "resolved": "https://registry.npmjs.org/daisyui/-/daisyui-5.0.35.tgz",
      "integrity": "sha512-AWi11n/x5++mps55jcwrBf0Lmip1euWY0FYcH/05SFGmoqrU7S7/aIUWaiaeqlJ5EcmEZ/7zEY73aOxMv6hcIg==",
      "dev": true,
      "license": "MIT",
      "funding": {
        "url": "https://github.com/saadeghi/daisyui?sponsor=1"
      }
    },
    "node_modules/tailwindcss": {
      "version": "4.1.7",
      "resolved": "https://registry.npmjs.org/tailwindcss/-/tailwindcss-4.1.7.tgz",
      "integrity": "sha512-kr1o/ErIdNhTz8uzAYL7TpaUuzKIE6QPQ4qmSdxnoX/lo+5wmUHQA6h3L5yIqEImSRnAAURDirLu/BgiXGPAhg==",
      "dev": true,
      "license": "MIT"
    }
  }
}
